
Microsoft Visual Studio Solution File, Format Version 12.00
Project("{FAE04EC0-301F-11D3-BF4B-00C04F79EFBC}") = "lab_tutorial2", "lab_tutorial2.csproj", "{0B659BE4-F974-4729-9A79-8FD6F9A67727}"
EndProject
Global
	GlobalSection(SolutionConfigurationPlatforms) = preSolution
		Debug|Any CPU = Debug|Any CPU
		Release|Any CPU = Release|Any CPU
	EndGlobalSection
	GlobalSection(ProjectConfigurationPlatforms) = postSolution
		{0B659BE4-F974-4729-9A79-8FD6F9A67727}.Debug|Any CPU.ActiveCfg = Debug|Any CPU
		{0B659BE4-F974-4729-9A79-8FD6F9A67727}.Debug|Any CPU.Build.0 = Debug|Any CPU
		{0B659BE4-F974-4729-9A79-8FD6F9A67727}.Release|Any CPU.ActiveCfg = Release|Any CPU
		{0B659BE4-F974-4729-9A79-8FD6F9A67727}.Release|Any CPU.Build.0 = Release|Any CPU
	EndGlobalSection
EndGlobal
